// !$*UTF8*$!
{
	archiveVersion = 1;
	classes = {
	};
	objectVersion = 46;
	objects = {

/* Begin PBXBuildFile section */
		674C12D61F67372C00FFF6B1 /* AppDelegate.swift in Sources */ = {isa = PBXBuildFile; fileRef = 674C12D51F67372C00FFF6B1 /* AppDelegate.swift */; };
		674C12D81F67372C00FFF6B1 /* ViewController.swift in Sources */ = {isa = PBXBuildFile; fileRef = 674C12D71F67372C00FFF6B1 /* ViewController.swift */; };
		674C12DB1F67372C00FFF6B1 /* Main.storyboard in Resources */ = {isa = PBXBuildFile; fileRef = 674C12D91F67372C00FFF6B1 /* Main.storyboard */; };
		674C12DD1F67372C00FFF6B1 /* Assets.xcassets in Resources */ = {isa = PBXBuildFile; fileRef = 674C12DC1F67372C00FFF6B1 /* Assets.xcassets */; };
		674C12E01F67372C00FFF6B1 /* LaunchScreen.storyboard in Resources */ = {isa = PBXBuildFile; fileRef = 674C12DE1F67372C00FFF6B1 /* LaunchScreen.storyboard */; };
		674C12EB1F67372C00FFF6B1 /* Dynamic_cellsTests.swift in Sources */ = {isa = PBXBuildFile; fileRef = 674C12EA1F67372C00FFF6B1 /* Dynamic_cellsTests.swift */; };
		674C12F61F67372C00FFF6B1 /* Dynamic_cellsUITests.swift in Sources */ = {isa = PBXBuildFile; fileRef = 674C12F51F67372C00FFF6B1 /* Dynamic_cellsUITests.swift */; };
/* End PBXBuildFile section */

/* Begin PBXContainerItemProxy section */
		674C12E71F67372C00FFF6B1 /* PBXContainerItemProxy */ = {
			isa = PBXContainerItemProxy;
			containerPortal = 674C12CA1F67372B00FFF6B1 /* Project object */;
			proxyType = 1;
			remoteGlobalIDString = 674C12D11F67372C00FFF6B1;
			remoteInfo = "Dynamic cells";
		};
		674C12F21F67372C00FFF6B1 /* PBXContainerItemProxy */ = {
			isa = PBXContainerItemProxy;
			containerPortal = 674C12CA1F67372B00FFF6B1 /* Project object */;
			proxyType = 1;
			remoteGlobalIDString = 674C12D11F67372C00FFF6B1;
			remoteInfo = "Dynamic cells";
		};
/* End PBXContainerItemProxy section */

/* Begin PBXFileReference section */
		674C12D21F67372C00FFF6B1 /* Dynamic cells.app */ = {isa = PBXFileReference; explicitFileType = wrapper.application; includeInIndex = 0; path = "Dynamic cells.app"; sourceTree = BUILT_PRODUCTS_DIR; };
		674C12D51F67372C00FFF6B1 /* AppDelegate.swift */ = {isa = PBXFileReference; lastKnownFileType = sourcecode.swift; path = AppDelegate.swift; sourceTree = "<group>"; };
		674C12D71F67372C00FFF6B1 /* ViewController.swift */ = {isa = PBXFileReference; lastKnownFileType = sourcecode.swift; path = ViewController.swift; sourceTree = "<group>"; };
		674C12DA1F67372C00FFF6B1 /* Base */ = {isa = PBXFileReference; lastKnownFileType = file.storyboard; name = Base; path = Base.lproj/Main.storyboard; sourceTree = "<group>"; };
		674C12DC1F67372C00FFF6B1 /* Assets.xcassets */ = {isa = PBXFileReference; lastKnownFileType = folder.assetcatalog; path = Assets.xcassets; sourceTree = "<group>"; };
		674C12DF1F67372C00FFF6B1 /* Base */ = {isa = PBXFileReference; lastKnownFileType = file.storyboard; name = Base; path = Base.lproj/LaunchScreen.storyboard; sourceTree = "<group>"; };
		674C12E11F67372C00FFF6B1 /* Info.plist */ = {isa = PBXFileReference; lastKnownFileType = text.plist.xml; path = Info.plist; sourceTree = "<group>"; };
		674C12E61F67372C00FFF6B1 /* Dynamic cellsTests.xctest */ = {isa = PBXFileReference; explicitFileType = wrapper.cfbundle; includeInIndex = 0; path = "Dynamic cellsTests.xctest"; sourceTree = BUILT_PRODUCTS_DIR; };
		674C12EA1F67372C00FFF6B1 /* Dynamic_cellsTests.swift */ = {isa = PBXFileReference; lastKnownFileType = sourcecode.swift; path = Dynamic_cellsTests.swift; sourceTree = "<group>"; };
		674C12EC1F67372C00FFF6B1 /* Info.plist */ = {isa = PBXFileReference; lastKnownFileType = text.plist.xml; path = Info.plist; sourceTree = "<group>"; };
		674C12F11F67372C00FFF6B1 /* Dynamic cellsUITests.xctest */ = {isa = PBXFileReference; explicitFileType = wrapper.cfbundle; includeInIndex = 0; path = "Dynamic cellsUITests.xctest"; sourceTree = BUILT_PRODUCTS_DIR; };
		674C12F51F67372C00FFF6B1 /* Dynamic_cellsUITests.swift */ = {isa = PBXFileReference; lastKnownFileType = sourcecode.swift; path = Dynamic_cellsUITests.swift; sourceTree = "<group>"; };
		674C12F71F67372C00FFF6B1 /* Info.plist */ = {isa = PBXFileReference; lastKnownFileType = text.plist.xml; path = Info.plist; sourceTree = "<group>"; };
/* End PBXFileReference section */

/* Begin PBXFrameworksBuildPhase section */
		674C12CF1F67372C00FFF6B1 /* Frameworks */ = {
			isa = PBXFrameworksBuildPhase;
			buildActionMask = 2147483647;
			files = (
			);
			runOnlyForDeploymentPostprocessing = 0;
		};
		674C12E31F67372C00FFF6B1 /* Frameworks */ = {
			isa = PBXFrameworksBuildPhase;
			buildActionMask = 2147483647;
			files = (
			);
			runOnlyForDeploymentPostprocessing = 0;
		};
		674C12EE1F67372C00FFF6B1 /* Frameworks */ = {
			isa = PBXFrameworksBuildPhase;
			buildActionMask = 2147483647;
			files = (
			);
			runOnlyForDeploymentPostprocessing = 0;
		};
/* End PBXFrameworksBuildPhase section */

/* Begin PBXGroup section */
		674C12C91F67372B00FFF6B1 = {
			isa = PBXGroup;
			children = (
				674C12D41F67372C00FFF6B1 /* Dynamic cells */,
				674C12E91F67372C00FFF6B1 /* Dynamic cellsTests */,
				674C12F41F67372C00FFF6B1 /* Dynamic cellsUITests */,
				674C12D31F67372C00FFF6B1 /* Products */,
			);
			sourceTree = "<group>";
		};
		674C12D31F67372C00FFF6B1 /* Products */ = {
			isa = PBXGroup;
			children = (
				674C12D21F67372C00FFF6B1 /* Dynamic cells.app */,
				674C12E61F67372C00FFF6B1 /* Dynamic cellsTests.xctest */,
				674C12F11F67372C00FFF6B1 /* Dynamic cellsUITests.xctest */,
			);
			name = Products;
			sourceTree = "<group>";
		};
		674C12D41F67372C00FFF6B1 /* Dynamic cells */ = {
			isa = PBXGroup;
			children = (
				674C12D51F67372C00FFF6B1 /* AppDelegate.swift */,
				674C12D71F67372C00FFF6B1 /* ViewController.swift */,
				674C12D91F67372C00FFF6B1 /* Main.storyboard */,
				674C12DC1F67372C00FFF6B1 /* Assets.xcassets */,
				674C12DE1F67372C00FFF6B1 /* LaunchScreen.storyboard */,
				674C12E11F67372C00FFF6B1 /* Info.plist */,
			);
			path = "Dynamic cells";
			sourceTree = "<group>";
		};
		674C12E91F67372C00FFF6B1 /* Dynamic cellsTests */ = {
			isa = PBXGroup;
			children = (
				674C12EA1F67372C00FFF6B1 /* Dynamic_cellsTests.swift */,
				674C12EC1F67372C00FFF6B1 /* Info.plist */,
			);
			path = "Dynamic cellsTests";
			sourceTree = "<group>";
		};
		674C12F41F67372C00FFF6B1 /* Dynamic cellsUITests */ = {
			isa = PBXGroup;
			children = (
				674C12F51F67372C00FFF6B1 /* Dynamic_cellsUITests.swift */,
				674C12F71F67372C00FFF6B1 /* Info.plist */,
			);
			path = "Dynamic cellsUITests";
			sourceTree = "<group>";
		};
/* End PBXGroup section */

/* Begin PBXNativeTarget section */
		674C12D11F67372C00FFF6B1 /* Dynamic cells */ = {
			isa = PBXNativeTarget;
			buildConfigurationList = 674C12FA1F67372C00FFF6B1 /* Build configuration list for PBXNativeTarget "Dynamic cells" */;
			buildPhases = (
				674C12CE1F67372C00FFF6B1 /* Sources */,
				674C12CF1F67372C00FFF6B1 /* Frameworks */,
				674C12D01F67372C00FFF6B1 /* Resources */,
			);
			buildRules = (
			);
			dependencies = (
			);
			name = "Dynamic cells";
			productName = "Dynamic cells";
			productReference = 674C12D21F67372C00FFF6B1 /* Dynamic cells.app */;
			productType = "com.apple.product-type.application";
		};
		674C12E51F67372C00FFF6B1 /* Dynamic cellsTests */ = {
			isa = PBXNativeTarget;
			buildConfigurationList = 674C12FD1F67372C00FFF6B1 /* Build configuration list for PBXNativeTarget "Dynamic cellsTests" */;
			buildPhases = (
				674C12E21F67372C00FFF6B1 /* Sources */,
				674C12E31F67372C00FFF6B1 /* Frameworks */,
				674C12E41F67372C00FFF6B1 /* Resources */,
			);
			buildRules = (
			);
			dependencies = (
				674C12E81F67372C00FFF6B1 /* PBXTargetDependency */,
			);
			name = "Dynamic cellsTests";
			productName = "Dynamic cellsTests";
			productReference = 674C12E61F67372C00FFF6B1 /* Dynamic cellsTests.xctest */;
			productType = "com.apple.product-type.bundle.unit-test";
		};
		674C12F01F67372C00FFF6B1 /* Dynamic cellsUITests */ = {
			isa = PBXNativeTarget;
			buildConfigurationList = 674C13001F67372C00FFF6B1 /* Build configuration list for PBXNativeTarget "Dynamic cellsUITests" */;
			buildPhases = (
				674C12ED1F67372C00FFF6B1 /* Sources */,
				674C12EE1F67372C00FFF6B1 /* Frameworks */,
				674C12EF1F67372C00FFF6B1 /* Resources */,
			);
			buildRules = (
			);
			dependencies = (
				674C12F31F67372C00FFF6B1 /* PBXTargetDependency */,
			);
			name = "Dynamic cellsUITests";
			productName = "Dynamic cellsUITests";
			productReference = 674C12F11F67372C00FFF6B1 /* Dynamic cellsUITests.xctest */;
			productType = "com.apple.product-type.bundle.ui-testing";
		};
/* End PBXNativeTarget section */

/* Begin PBXProject section */
		674C12CA1F67372B00FFF6B1 /* Project object */ = {
			isa = PBXProject;
			attributes = {
				LastSwiftUpdateCheck = 0830;
				LastUpgradeCheck = 0830;
				ORGANIZATIONNAME = Thej;
				TargetAttributes = {
					674C12D11F67372C00FFF6B1 = {
						CreatedOnToolsVersion = 8.3.3;
						ProvisioningStyle = Automatic;
					};
					674C12E51F67372C00FFF6B1 = {
						CreatedOnToolsVersion = 8.3.3;
						ProvisioningStyle = Automatic;
						TestTargetID = 674C12D11F67372C00FFF6B1;
					};
					674C12F01F67372C00FFF6B1 = {
						CreatedOnToolsVersion = 8.3.3;
						ProvisioningStyle = Automatic;
						TestTargetID = 674C12D11F67372C00FFF6B1;
					};
				};
			};
			buildConfigurationList = 674C12CD1F67372B00FFF6B1 /* Build configuration list for PBXProject "Dynamic cells" */;
			compatibilityVersion = "Xcode 3.2";
			developmentRegion = English;
			hasScannedForEncodings = 0;
			knownRegions = (
				en,
				Base,
			);
			mainGroup = 674C12C91F67372B00FFF6B1;
			productRefGroup = 674C12D31F67372C00FFF6B1 /* Products */;
			projectDirPath = "";
			projectRoot = "";
			targets = (
				674C12D11F67372C00FFF6B1 /* Dynamic cells */,
				674C12E51F67372C00FFF6B1 /* Dynamic cellsTests */,
				674C12F01F67372C00FFF6B1 /* Dynamic cellsUITests */,
			);
		};
/* End PBXProject section */

/* Begin PBXResourcesBuildPhase section */
		674C12D01F67372C00FFF6B1 /* Resources */ = {
			isa = PBXResourcesBuildPhase;
			buildActionMask = 2147483647;
			files = (
				674C12E01F67372C00FFF6B1 /* LaunchScreen.storyboard in Resources */,
				674C12DD1F67372C00FFF6B1 /* Assets.xcassets in Resources */,
				674C12DB1F67372C00FFF6B1 /* Main.storyboard in Resources */,
			);
			runOnlyForDeploymentPostprocessing = 0;
		};
		674C12E41F67372C00FFF6B1 /* Resources */ = {
			isa = PBXResourcesBuildPhase;
			buildActionMask = 2147483647;
			files = (
			);
			runOnlyForDeploymentPostprocessing = 0;
		};
		674C12EF1F67372C00FFF6B1 /* Resources */ = {
			isa = PBXResourcesBuildPhase;
			buildActionMask = 2147483647;
			files = (
			);
			runOnlyForDeploymentPostprocessing = 0;
		};
/* End PBXResourcesBuildPhase section */

/* Begin PBXSourcesBuildPhase section */
		674C12CE1F67372C00FFF6B1 /* Sources */ = {
			isa = PBXSourcesBuildPhase;
			buildActionMask = 2147483647;
			files = (
				674C12D81F67372C00FFF6B1 /* ViewController.swift in Sources */,
				674C12D61F67372C00FFF6B1 /* AppDelegate.swift in Sources */,
			);
			runOnlyForDeploymentPostprocessing = 0;
		};
		674C12E21F67372C00FFF6B1 /* Sources */ = {
			isa = PBXSourcesBuildPhase;
			buildActionMask = 2147483647;
			files = (
				674C12EB1F67372C00FFF6B1 /* Dynamic_cellsTests.swift in Sources */,
			);
			runOnlyForDeploymentPostprocessing = 0;
		};
		674C12ED1F67372C00FFF6B1 /* Sources */ = {
			isa = PBXSourcesBuildPhase;
			buildActionMask = 2147483647;
			files = (
				674C12F61F67372C00FFF6B1 /* Dynamic_cellsUITests.swift in Sources */,
			);
			runOnlyForDeploymentPostprocessing = 0;
		};
/* End PBXSourcesBuildPhase section */

/* Begin PBXTargetDependency section */
		674C12E81F67372C00FFF6B1 /* PBXTargetDependency */ = {
			isa = PBXTargetDependency;
			target = 674C12D11F67372C00FFF6B1 /* Dynamic cells */;
			targetProxy = 674C12E71F67372C00FFF6B1 /* PBXContainerItemProxy */;
		};
		674C12F31F67372C00FFF6B1 /* PBXTargetDependency */ = {
			isa = PBXTargetDependency;
			target = 674C12D11F67372C00FFF6B1 /* Dynamic cells */;
			targetProxy = 674C12F21F67372C00FFF6B1 /* PBXContainerItemProxy */;
		};
/* End PBXTargetDependency section */

/* Begin PBXVariantGroup section */
		674C12D91F67372C00FFF6B1 /* Main.storyboard */ = {
			isa = PBXVariantGroup;
			children = (
				674C12DA1F67372C00FFF6B1 /* Base */,
			);
			name = Main.storyboard;
			sourceTree = "<group>";
		};
		674C12DE1F67372C00FFF6B1 /* LaunchScreen.storyboard */ = {
			isa = PBXVariantGroup;
			children = (
				674C12DF1F67372C00FFF6B1 /* Base */,
			);
			name = LaunchScreen.storyboard;
			sourceTree = "<group>";
		};
/* End PBXVariantGroup section */

/* Begin XCBuildConfiguration section */
		674C12F81F67372C00FFF6B1 /* Debug */ = {
			isa = XCBuildConfiguration;
			buildSettings = {
				ALWAYS_SEARCH_USER_PATHS = NO;
				CLANG_ANALYZER_NONNULL = YES;
				CLANG_ANALYZER_NUMBER_OBJECT_CONVERSION = YES_AGGRESSIVE;
				CLANG_CXX_LANGUAGE_STANDARD = "gnu++0x";
				CLANG_CXX_LIBRARY = "libc++";
				CLANG_ENABLE_MODULES = YES;
				CLANG_ENABLE_OBJC_ARC = YES;
				CLANG_WARN_BOOL_CONVERSION = YES;
				CLANG_WARN_CONSTANT_CONVERSION = YES;
				CLANG_WARN_DIRECT_OBJC_ISA_USAGE = YES_ERROR;
				CLANG_WARN_DOCUMENTATION_COMMENTS = YES;
				CLANG_WARN_EMPTY_BODY = YES;
				CLANG_WARN_ENUM_CONVERSION = YES;
				CLANG_WARN_INFINITE_RECURSION = YES;
				CLANG_WARN_INT_CONVERSION = YES;
				CLANG_WARN_OBJC_ROOT_CLASS = YES_ERROR;
				CLANG_WARN_SUSPICIOUS_MOVE = YES;
				CLANG_WARN_UNREACHABLE_CODE = YES;
				CLANG_WARN__DUPLICATE_METHOD_MATCH = YES;
				"CODE_SIGN_IDENTITY[sdk=iphoneos*]" = "iPhone Developer";
				COPY_PHASE_STRIP = NO;
				DEBUG_INFORMATION_FORMAT = dwarf;
				ENABLE_STRICT_OBJC_MSGSEND = YES;
				ENABLE_TESTABILITY = YES;
				GCC_C_LANGUAGE_STANDARD = gnu99;
				GCC_DYNAMIC_NO_PIC = NO;
				GCC_NO_COMMON_BLOCKS = YES;
				GCC_OPTIMIZATION_LEVEL = 0;
				GCC_PREPROCESSOR_DEFINITIONS = (
					"DEBUG=1",
					"$(inherited)",
				);
				GCC_WARN_64_TO_32_BIT_CONVERSION = YES;
				GCC_WARN_ABOUT_RETURN_TYPE = YES_ERROR;
				GCC_WARN_UNDECLARED_SELECTOR = YES;
				GCC_WARN_UNINITIALIZED_AUTOS = YES_AGGRESSIVE;
				GCC_WARN_UNUSED_FUNCTION = YES;
				GCC_WARN_UNUSED_VARIABLE = YES;
				IPHONEOS_DEPLOYMENT_TARGET = 10.3;
				MTL_ENABLE_DEBUG_INFO = YES;
				ONLY_ACTIVE_ARCH = YES;
				SDKROOT = iphoneos;
				SWIFT_ACTIVE_COMPILATION_CONDITIONS = DEBUG;
				SWIFT_OPTIMIZATION_LEVEL = "-Onone";
				TARGETED_DEVICE_FAMILY = "1,2";
			};
			name = Debug;
		};
		674C12F91F67372C00FFF6B1 /* Release */ = {
			isa = XCBuildConfiguration;
			buildSettings = {
				ALWAYS_SEARCH_USER_PATHS = NO;
				CLANG_ANALYZER_NONNULL = YES;
				CLANG_ANALYZER_NUMBER_OBJECT_CONVERSION = YES_AGGRESSIVE;
				CLANG_CXX_LANGUAGE_STANDARD = "gnu++0x";
				CLANG_CXX_LIBRARY = "libc++";
				CLANG_ENABLE_MODULES = YES;
				CLANG_ENABLE_OBJC_ARC = YES;
				CLANG_WARN_BOOL_CONVERSION = YES;
				CLANG_WARN_CONSTANT_CONVERSION = YES;
				CLANG_WARN_DIRECT_OBJC_ISA_USAGE = YES_ERROR;
				CLANG_WARN_DOCUMENTATION_COMMENTS = YES;
				CLANG_WARN_EMPTY_BODY = YES;
				CLANG_WARN_ENUM_CONVERSION = YES;
				CLANG_WARN_INFINITE_RECURSION = YES;
				CLANG_WARN_INT_CONVERSION = YES;
				CLANG_WARN_OBJC_ROOT_CLASS = YES_ERROR;
				CLANG_WARN_SUSPICIOUS_MOVE = YES;
				CLANG_WARN_UNREACHABLE_CODE = YES;
				CLANG_WARN__DUPLICATE_METHOD_MATCH = YES;
				"CODE_SIGN_IDENTITY[sdk=iphoneos*]" = "iPhone Developer";
				COPY_PHASE_STRIP = NO;
				DEBUG_INFORMATION_FORMAT = "dwarf-with-dsym";
				ENABLE_NS_ASSERTIONS = NO;
				ENABLE_STRICT_OBJC_MSGSEND = YES;
				GCC_C_LANGUAGE_STANDARD = gnu99;
				GCC_NO_COMMON_BLOCKS = YES;
				GCC_WARN_64_TO_32_BIT_CONVERSION = YES;
				GCC_WARN_ABOUT_RETURN_TYPE = YES_ERROR;
				GCC_WARN_UNDECLARED_SELECTOR = YES;
				GCC_WARN_UNINITIALIZED_AUTOS = YES_AGGRESSIVE;
				GCC_WARN_UNUSED_FUNCTION = YES;
				GCC_WARN_UNUSED_VARIABLE = YES;
				IPHONEOS_DEPLOYMENT_TARGET = 10.3;
				MTL_ENABLE_DEBUG_INFO = NO;
				SDKROOT = iphoneos;
				SWIFT_OPTIMIZATION_LEVEL = "-Owholemodule";
				TARGETED_DEVICE_FAMILY = "1,2";
				VALIDATE_PRODUCT = YES;
			};
			name = Release;
		};
		674C12FB1F67372C00FFF6B1 /* Debug */ = {
			isa = XCBuildConfiguration;
			buildSettings = {
				ASSETCATALOG_COMPILER_APPICON_NAME = AppIcon;
				INFOPLIST_FILE = "Dynamic cells/Info.plist";
				LD_RUNPATH_SEARCH_PATHS = "$(inherited) @executable_path/Frameworks";
				PRODUCT_BUNDLE_IDENTIFIER = "codingDojo.Dynamic-cells";
				PRODUCT_NAME = "$(TARGET_NAME)";
				SWIFT_VERSION = 3.0;
			};
			name = Debug;
		};
		674C12FC1F67372C00FFF6B1 /* Release */ = {
			isa = XCBuildConfiguration;
			buildSettings = {
				ASSETCATALOG_COMPILER_APPICON_NAME = AppIcon;
				INFOPLIST_FILE = "Dynamic cells/Info.plist";
				LD_RUNPATH_SEARCH_PATHS = "$(inherited) @executable_path/Frameworks";
				PRODUCT_BUNDLE_IDENTIFIER = "codingDojo.Dynamic-cells";
				PRODUCT_NAME = "$(TARGET_NAME)";
				SWIFT_VERSION = 3.0;
			};
			name = Release;
		};
		674C12FE1F67372C00FFF6B1 /* Debug */ = {
			isa = XCBuildConfiguration;
			buildSettings = {
				ALWAYS_EMBED_SWIFT_STANDARD_LIBRARIES = YES;
				BUNDLE_LOADER = "$(TEST_HOST)";
				INFOPLIST_FILE = "Dynamic cellsTests/Info.plist";
				LD_RUNPATH_SEARCH_PATHS = "$(inherited) @executable_path/Frameworks @loader_path/Frameworks";
				PRODUCT_BUNDLE_IDENTIFIER = "codingDojo.Dynamic-cellsTests";
				PRODUCT_NAME = "$(TARGET_NAME)";
				SWIFT_VERSION = 3.0;
				TEST_HOST = "$(BUILT_PRODUCTS_DIR)/Dynamic cells.app/Dynamic cells";
			};
			name = Debug;
		};
		674C12FF1F67372C00FFF6B1 /* Release */ = {
			isa = XCBuildConfiguration;
			buildSettings = {
				ALWAYS_EMBED_SWIFT_STANDARD_LIBRARIES = YES;
				BUNDLE_LOADER = "$(TEST_HOST)";
				INFOPLIST_FILE = "Dynamic cellsTests/Info.plist";
				LD_RUNPATH_SEARCH_PATHS = "$(inherited) @executable_path/Frameworks @loader_path/Frameworks";
				PRODUCT_BUNDLE_IDENTIFIER = "codingDojo.Dynamic-cellsTests";
				PRODUCT_NAME = "$(TARGET_NAME)";
				SWIFT_VERSION = 3.0;
				TEST_HOST = "$(BUILT_PRODUCTS_DIR)/Dynamic cells.app/Dynamic cells";
			};
			name = Release;
		};
		674C13011F67372C00FFF6B1 /* Debug */ = {
			isa = XCBuildConfiguration;
			buildSettings = {
				ALWAYS_EMBED_SWIFT_STANDARD_LIBRARIES = YES;
				INFOPLIST_FILE = "Dynamic cellsUITests/Info.plist";
				LD_RUNPATH_SEARCH_PATHS = "$(inherited) @executable_path/Frameworks @loader_path/Frameworks";
				PRODUCT_BUNDLE_IDENTIFIER = "codingDojo.Dynamic-cellsUITests";
				PRODUCT_NAME = "$(TARGET_NAME)";
				SWIFT_VERSION = 3.0;
				TEST_TARGET_NAME = "Dynamic cells";
			};
			name = Debug;
		};
		674C13021F67372C00FFF6B1 /* Release */ = {
			isa = XCBuildConfiguration;
			buildSettings = {
				ALWAYS_EMBED_SWIFT_STANDARD_LIBRARIES = YES;
				INFOPLIST_FILE = "Dynamic cellsUITests/Info.plist";
				LD_RUNPATH_SEARCH_PATHS = "$(inherited) @executable_path/Frameworks @loader_path/Frameworks";
				PRODUCT_BUNDLE_IDENTIFIER = "codingDojo.Dynamic-cellsUITests";
				PRODUCT_NAME = "$(TARGET_NAME)";
				SWIFT_VERSION = 3.0;
				TEST_TARGET_NAME = "Dynamic cells";
			};
			name = Release;
		};
/* End XCBuildConfiguration section */

/* Begin XCConfigurationList section */
		674C12CD1F67372B00FFF6B1 /* Build configuration list for PBXProject "Dynamic cells" */ = {
			isa = XCConfigurationList;
			buildConfigurations = (
				674C12F81F67372C00FFF6B1 /* Debug */,
				674C12F91F67372C00FFF6B1 /* Release */,
			);
			defaultConfigurationIsVisible = 0;
			defaultConfigurationName = Release;
		};
		674C12FA1F67372C00FFF6B1 /* Build configuration list for PBXNativeTarget "Dynamic cells" */ = {
			isa = XCConfigurationList;
			buildConfigurations = (
				674C12FB1F67372C00FFF6B1 /* Debug */,
				674C12FC1F67372C00FFF6B1 /* Release */,
			);
			defaultConfigurationIsVisible = 0;
		};
		674C12FD1F67372C00FFF6B1 /* Build configuration list for PBXNativeTarget "Dynamic cellsTests" */ = {
			isa = XCConfigurationList;
			buildConfigurations = (
				674C12FE1F67372C00FFF6B1 /* Debug */,
				674C12FF1F67372C00FFF6B1 /* Release */,
			);
			defaultConfigurationIsVisible = 0;
		};
		674C13001F67372C00FFF6B1 /* Build configuration list for PBXNativeTarget "Dynamic cellsUITests" */ = {
			isa = XCConfigurationList;
			buildConfigurations = (
				674C13011F67372C00FFF6B1 /* Debug */,
				674C13021F67372C00FFF6B1 /* Release */,
			);
			defaultConfigurationIsVisible = 0;
		};
/* End XCConfigurationList section */
	};
	rootObject = 674C12CA1F67372B00FFF6B1 /* Project object */;
}
