// !$*UTF8*$!
{
	archiveVersion = 1;
	classes = {
	};
	objectVersion = 46;
	objects = {

/* Begin PBXBuildFile section */
		673F96901F63117F00AA7826 /* AppDelegate.swift in Sources */ = {isa = PBXBuildFile; fileRef = 673F968F1F63117F00AA7826 /* AppDelegate.swift */; };
		673F96921F63117F00AA7826 /* ViewController.swift in Sources */ = {isa = PBXBuildFile; fileRef = 673F96911F63117F00AA7826 /* ViewController.swift */; };
		673F96951F63117F00AA7826 /* Main.storyboard in Resources */ = {isa = PBXBuildFile; fileRef = 673F96931F63117F00AA7826 /* Main.storyboard */; };
		673F96971F63117F00AA7826 /* Assets.xcassets in Resources */ = {isa = PBXBuildFile; fileRef = 673F96961F63117F00AA7826 /* Assets.xcassets */; };
		673F969A1F63117F00AA7826 /* LaunchScreen.storyboard in Resources */ = {isa = PBXBuildFile; fileRef = 673F96981F63117F00AA7826 /* LaunchScreen.storyboard */; };
		673F96A51F63117F00AA7826 /* tipsterTests.swift in Sources */ = {isa = PBXBuildFile; fileRef = 673F96A41F63117F00AA7826 /* tipsterTests.swift */; };
		673F96B01F63117F00AA7826 /* tipsterUITests.swift in Sources */ = {isa = PBXBuildFile; fileRef = 673F96AF1F63117F00AA7826 /* tipsterUITests.swift */; };
/* End PBXBuildFile section */

/* Begin PBXContainerItemProxy section */
		673F96A11F63117F00AA7826 /* PBXContainerItemProxy */ = {
			isa = PBXContainerItemProxy;
			containerPortal = 673F96841F63117F00AA7826 /* Project object */;
			proxyType = 1;
			remoteGlobalIDString = 673F968B1F63117F00AA7826;
			remoteInfo = tipster;
		};
		673F96AC1F63117F00AA7826 /* PBXContainerItemProxy */ = {
			isa = PBXContainerItemProxy;
			containerPortal = 673F96841F63117F00AA7826 /* Project object */;
			proxyType = 1;
			remoteGlobalIDString = 673F968B1F63117F00AA7826;
			remoteInfo = tipster;
		};
/* End PBXContainerItemProxy section */

/* Begin PBXFileReference section */
		673F968C1F63117F00AA7826 /* tipster.app */ = {isa = PBXFileReference; explicitFileType = wrapper.application; includeInIndex = 0; path = tipster.app; sourceTree = BUILT_PRODUCTS_DIR; };
		673F968F1F63117F00AA7826 /* AppDelegate.swift */ = {isa = PBXFileReference; lastKnownFileType = sourcecode.swift; path = AppDelegate.swift; sourceTree = "<group>"; };
		673F96911F63117F00AA7826 /* ViewController.swift */ = {isa = PBXFileReference; lastKnownFileType = sourcecode.swift; path = ViewController.swift; sourceTree = "<group>"; };
		673F96941F63117F00AA7826 /* Base */ = {isa = PBXFileReference; lastKnownFileType = file.storyboard; name = Base; path = Base.lproj/Main.storyboard; sourceTree = "<group>"; };
		673F96961F63117F00AA7826 /* Assets.xcassets */ = {isa = PBXFileReference; lastKnownFileType = folder.assetcatalog; path = Assets.xcassets; sourceTree = "<group>"; };
		673F96991F63117F00AA7826 /* Base */ = {isa = PBXFileReference; lastKnownFileType = file.storyboard; name = Base; path = Base.lproj/LaunchScreen.storyboard; sourceTree = "<group>"; };
		673F969B1F63117F00AA7826 /* Info.plist */ = {isa = PBXFileReference; lastKnownFileType = text.plist.xml; path = Info.plist; sourceTree = "<group>"; };
		673F96A01F63117F00AA7826 /* tipsterTests.xctest */ = {isa = PBXFileReference; explicitFileType = wrapper.cfbundle; includeInIndex = 0; path = tipsterTests.xctest; sourceTree = BUILT_PRODUCTS_DIR; };
		673F96A41F63117F00AA7826 /* tipsterTests.swift */ = {isa = PBXFileReference; lastKnownFileType = sourcecode.swift; path = tipsterTests.swift; sourceTree = "<group>"; };
		673F96A61F63117F00AA7826 /* Info.plist */ = {isa = PBXFileReference; lastKnownFileType = text.plist.xml; path = Info.plist; sourceTree = "<group>"; };
		673F96AB1F63117F00AA7826 /* tipsterUITests.xctest */ = {isa = PBXFileReference; explicitFileType = wrapper.cfbundle; includeInIndex = 0; path = tipsterUITests.xctest; sourceTree = BUILT_PRODUCTS_DIR; };
		673F96AF1F63117F00AA7826 /* tipsterUITests.swift */ = {isa = PBXFileReference; lastKnownFileType = sourcecode.swift; path = tipsterUITests.swift; sourceTree = "<group>"; };
		673F96B11F63117F00AA7826 /* Info.plist */ = {isa = PBXFileReference; lastKnownFileType = text.plist.xml; path = Info.plist; sourceTree = "<group>"; };
/* End PBXFileReference section */

/* Begin PBXFrameworksBuildPhase section */
		673F96891F63117F00AA7826 /* Frameworks */ = {
			isa = PBXFrameworksBuildPhase;
			buildActionMask = 2147483647;
			files = (
			);
			runOnlyForDeploymentPostprocessing = 0;
		};
		673F969D1F63117F00AA7826 /* Frameworks */ = {
			isa = PBXFrameworksBuildPhase;
			buildActionMask = 2147483647;
			files = (
			);
			runOnlyForDeploymentPostprocessing = 0;
		};
		673F96A81F63117F00AA7826 /* Frameworks */ = {
			isa = PBXFrameworksBuildPhase;
			buildActionMask = 2147483647;
			files = (
			);
			runOnlyForDeploymentPostprocessing = 0;
		};
/* End PBXFrameworksBuildPhase section */

/* Begin PBXGroup section */
		673F96831F63117F00AA7826 = {
			isa = PBXGroup;
			children = (
				673F968E1F63117F00AA7826 /* tipster */,
				673F96A31F63117F00AA7826 /* tipsterTests */,
				673F96AE1F63117F00AA7826 /* tipsterUITests */,
				673F968D1F63117F00AA7826 /* Products */,
			);
			sourceTree = "<group>";
		};
		673F968D1F63117F00AA7826 /* Products */ = {
			isa = PBXGroup;
			children = (
				673F968C1F63117F00AA7826 /* tipster.app */,
				673F96A01F63117F00AA7826 /* tipsterTests.xctest */,
				673F96AB1F63117F00AA7826 /* tipsterUITests.xctest */,
			);
			name = Products;
			sourceTree = "<group>";
		};
		673F968E1F63117F00AA7826 /* tipster */ = {
			isa = PBXGroup;
			children = (
				673F968F1F63117F00AA7826 /* AppDelegate.swift */,
				673F96911F63117F00AA7826 /* ViewController.swift */,
				673F96931F63117F00AA7826 /* Main.storyboard */,
				673F96961F63117F00AA7826 /* Assets.xcassets */,
				673F96981F63117F00AA7826 /* LaunchScreen.storyboard */,
				673F969B1F63117F00AA7826 /* Info.plist */,
			);
			path = tipster;
			sourceTree = "<group>";
		};
		673F96A31F63117F00AA7826 /* tipsterTests */ = {
			isa = PBXGroup;
			children = (
				673F96A41F63117F00AA7826 /* tipsterTests.swift */,
				673F96A61F63117F00AA7826 /* Info.plist */,
			);
			path = tipsterTests;
			sourceTree = "<group>";
		};
		673F96AE1F63117F00AA7826 /* tipsterUITests */ = {
			isa = PBXGroup;
			children = (
				673F96AF1F63117F00AA7826 /* tipsterUITests.swift */,
				673F96B11F63117F00AA7826 /* Info.plist */,
			);
			path = tipsterUITests;
			sourceTree = "<group>";
		};
/* End PBXGroup section */

/* Begin PBXNativeTarget section */
		673F968B1F63117F00AA7826 /* tipster */ = {
			isa = PBXNativeTarget;
			buildConfigurationList = 673F96B41F63117F00AA7826 /* Build configuration list for PBXNativeTarget "tipster" */;
			buildPhases = (
				673F96881F63117F00AA7826 /* Sources */,
				673F96891F63117F00AA7826 /* Frameworks */,
				673F968A1F63117F00AA7826 /* Resources */,
			);
			buildRules = (
			);
			dependencies = (
			);
			name = tipster;
			productName = tipster;
			productReference = 673F968C1F63117F00AA7826 /* tipster.app */;
			productType = "com.apple.product-type.application";
		};
		673F969F1F63117F00AA7826 /* tipsterTests */ = {
			isa = PBXNativeTarget;
			buildConfigurationList = 673F96B71F63117F00AA7826 /* Build configuration list for PBXNativeTarget "tipsterTests" */;
			buildPhases = (
				673F969C1F63117F00AA7826 /* Sources */,
				673F969D1F63117F00AA7826 /* Frameworks */,
				673F969E1F63117F00AA7826 /* Resources */,
			);
			buildRules = (
			);
			dependencies = (
				673F96A21F63117F00AA7826 /* PBXTargetDependency */,
			);
			name = tipsterTests;
			productName = tipsterTests;
			productReference = 673F96A01F63117F00AA7826 /* tipsterTests.xctest */;
			productType = "com.apple.product-type.bundle.unit-test";
		};
		673F96AA1F63117F00AA7826 /* tipsterUITests */ = {
			isa = PBXNativeTarget;
			buildConfigurationList = 673F96BA1F63117F00AA7826 /* Build configuration list for PBXNativeTarget "tipsterUITests" */;
			buildPhases = (
				673F96A71F63117F00AA7826 /* Sources */,
				673F96A81F63117F00AA7826 /* Frameworks */,
				673F96A91F63117F00AA7826 /* Resources */,
			);
			buildRules = (
			);
			dependencies = (
				673F96AD1F63117F00AA7826 /* PBXTargetDependency */,
			);
			name = tipsterUITests;
			productName = tipsterUITests;
			productReference = 673F96AB1F63117F00AA7826 /* tipsterUITests.xctest */;
			productType = "com.apple.product-type.bundle.ui-testing";
		};
/* End PBXNativeTarget section */

/* Begin PBXProject section */
		673F96841F63117F00AA7826 /* Project object */ = {
			isa = PBXProject;
			attributes = {
				LastSwiftUpdateCheck = 0830;
				LastUpgradeCheck = 0830;
				ORGANIZATIONNAME = Thej;
				TargetAttributes = {
					673F968B1F63117F00AA7826 = {
						CreatedOnToolsVersion = 8.3.3;
						ProvisioningStyle = Automatic;
					};
					673F969F1F63117F00AA7826 = {
						CreatedOnToolsVersion = 8.3.3;
						ProvisioningStyle = Automatic;
						TestTargetID = 673F968B1F63117F00AA7826;
					};
					673F96AA1F63117F00AA7826 = {
						CreatedOnToolsVersion = 8.3.3;
						ProvisioningStyle = Automatic;
						TestTargetID = 673F968B1F63117F00AA7826;
					};
				};
			};
			buildConfigurationList = 673F96871F63117F00AA7826 /* Build configuration list for PBXProject "tipster" */;
			compatibilityVersion = "Xcode 3.2";
			developmentRegion = English;
			hasScannedForEncodings = 0;
			knownRegions = (
				en,
				Base,
			);
			mainGroup = 673F96831F63117F00AA7826;
			productRefGroup = 673F968D1F63117F00AA7826 /* Products */;
			projectDirPath = "";
			projectRoot = "";
			targets = (
				673F968B1F63117F00AA7826 /* tipster */,
				673F969F1F63117F00AA7826 /* tipsterTests */,
				673F96AA1F63117F00AA7826 /* tipsterUITests */,
			);
		};
/* End PBXProject section */

/* Begin PBXResourcesBuildPhase section */
		673F968A1F63117F00AA7826 /* Resources */ = {
			isa = PBXResourcesBuildPhase;
			buildActionMask = 2147483647;
			files = (
				673F969A1F63117F00AA7826 /* LaunchScreen.storyboard in Resources */,
				673F96971F63117F00AA7826 /* Assets.xcassets in Resources */,
				673F96951F63117F00AA7826 /* Main.storyboard in Resources */,
			);
			runOnlyForDeploymentPostprocessing = 0;
		};
		673F969E1F63117F00AA7826 /* Resources */ = {
			isa = PBXResourcesBuildPhase;
			buildActionMask = 2147483647;
			files = (
			);
			runOnlyForDeploymentPostprocessing = 0;
		};
		673F96A91F63117F00AA7826 /* Resources */ = {
			isa = PBXResourcesBuildPhase;
			buildActionMask = 2147483647;
			files = (
			);
			runOnlyForDeploymentPostprocessing = 0;
		};
/* End PBXResourcesBuildPhase section */

/* Begin PBXSourcesBuildPhase section */
		673F96881F63117F00AA7826 /* Sources */ = {
			isa = PBXSourcesBuildPhase;
			buildActionMask = 2147483647;
			files = (
				673F96921F63117F00AA7826 /* ViewController.swift in Sources */,
				673F96901F63117F00AA7826 /* AppDelegate.swift in Sources */,
			);
			runOnlyForDeploymentPostprocessing = 0;
		};
		673F969C1F63117F00AA7826 /* Sources */ = {
			isa = PBXSourcesBuildPhase;
			buildActionMask = 2147483647;
			files = (
				673F96A51F63117F00AA7826 /* tipsterTests.swift in Sources */,
			);
			runOnlyForDeploymentPostprocessing = 0;
		};
		673F96A71F63117F00AA7826 /* Sources */ = {
			isa = PBXSourcesBuildPhase;
			buildActionMask = 2147483647;
			files = (
				673F96B01F63117F00AA7826 /* tipsterUITests.swift in Sources */,
			);
			runOnlyForDeploymentPostprocessing = 0;
		};
/* End PBXSourcesBuildPhase section */

/* Begin PBXTargetDependency section */
		673F96A21F63117F00AA7826 /* PBXTargetDependency */ = {
			isa = PBXTargetDependency;
			target = 673F968B1F63117F00AA7826 /* tipster */;
			targetProxy = 673F96A11F63117F00AA7826 /* PBXContainerItemProxy */;
		};
		673F96AD1F63117F00AA7826 /* PBXTargetDependency */ = {
			isa = PBXTargetDependency;
			target = 673F968B1F63117F00AA7826 /* tipster */;
			targetProxy = 673F96AC1F63117F00AA7826 /* PBXContainerItemProxy */;
		};
/* End PBXTargetDependency section */

/* Begin PBXVariantGroup section */
		673F96931F63117F00AA7826 /* Main.storyboard */ = {
			isa = PBXVariantGroup;
			children = (
				673F96941F63117F00AA7826 /* Base */,
			);
			name = Main.storyboard;
			sourceTree = "<group>";
		};
		673F96981F63117F00AA7826 /* LaunchScreen.storyboard */ = {
			isa = PBXVariantGroup;
			children = (
				673F96991F63117F00AA7826 /* Base */,
			);
			name = LaunchScreen.storyboard;
			sourceTree = "<group>";
		};
/* End PBXVariantGroup section */

/* Begin XCBuildConfiguration section */
		673F96B21F63117F00AA7826 /* Debug */ = {
			isa = XCBuildConfiguration;
			buildSettings = {
				ALWAYS_SEARCH_USER_PATHS = NO;
				CLANG_ANALYZER_NONNULL = YES;
				CLANG_ANALYZER_NUMBER_OBJECT_CONVERSION = YES_AGGRESSIVE;
				CLANG_CXX_LANGUAGE_STANDARD = "gnu++0x";
				CLANG_CXX_LIBRARY = "libc++";
				CLANG_ENABLE_MODULES = YES;
				CLANG_ENABLE_OBJC_ARC = YES;
				CLANG_WARN_BOOL_CONVERSION = YES;
				CLANG_WARN_CONSTANT_CONVERSION = YES;
				CLANG_WARN_DIRECT_OBJC_ISA_USAGE = YES_ERROR;
				CLANG_WARN_DOCUMENTATION_COMMENTS = YES;
				CLANG_WARN_EMPTY_BODY = YES;
				CLANG_WARN_ENUM_CONVERSION = YES;
				CLANG_WARN_INFINITE_RECURSION = YES;
				CLANG_WARN_INT_CONVERSION = YES;
				CLANG_WARN_OBJC_ROOT_CLASS = YES_ERROR;
				CLANG_WARN_SUSPICIOUS_MOVE = YES;
				CLANG_WARN_UNREACHABLE_CODE = YES;
				CLANG_WARN__DUPLICATE_METHOD_MATCH = YES;
				"CODE_SIGN_IDENTITY[sdk=iphoneos*]" = "iPhone Developer";
				COPY_PHASE_STRIP = NO;
				DEBUG_INFORMATION_FORMAT = dwarf;
				ENABLE_STRICT_OBJC_MSGSEND = YES;
				ENABLE_TESTABILITY = YES;
				GCC_C_LANGUAGE_STANDARD = gnu99;
				GCC_DYNAMIC_NO_PIC = NO;
				GCC_NO_COMMON_BLOCKS = YES;
				GCC_OPTIMIZATION_LEVEL = 0;
				GCC_PREPROCESSOR_DEFINITIONS = (
					"DEBUG=1",
					"$(inherited)",
				);
				GCC_WARN_64_TO_32_BIT_CONVERSION = YES;
				GCC_WARN_ABOUT_RETURN_TYPE = YES_ERROR;
				GCC_WARN_UNDECLARED_SELECTOR = YES;
				GCC_WARN_UNINITIALIZED_AUTOS = YES_AGGRESSIVE;
				GCC_WARN_UNUSED_FUNCTION = YES;
				GCC_WARN_UNUSED_VARIABLE = YES;
				IPHONEOS_DEPLOYMENT_TARGET = 10.3;
				MTL_ENABLE_DEBUG_INFO = YES;
				ONLY_ACTIVE_ARCH = YES;
				SDKROOT = iphoneos;
				SWIFT_ACTIVE_COMPILATION_CONDITIONS = DEBUG;
				SWIFT_OPTIMIZATION_LEVEL = "-Onone";
				TARGETED_DEVICE_FAMILY = "1,2";
			};
			name = Debug;
		};
		673F96B31F63117F00AA7826 /* Release */ = {
			isa = XCBuildConfiguration;
			buildSettings = {
				ALWAYS_SEARCH_USER_PATHS = NO;
				CLANG_ANALYZER_NONNULL = YES;
				CLANG_ANALYZER_NUMBER_OBJECT_CONVERSION = YES_AGGRESSIVE;
				CLANG_CXX_LANGUAGE_STANDARD = "gnu++0x";
				CLANG_CXX_LIBRARY = "libc++";
				CLANG_ENABLE_MODULES = YES;
				CLANG_ENABLE_OBJC_ARC = YES;
				CLANG_WARN_BOOL_CONVERSION = YES;
				CLANG_WARN_CONSTANT_CONVERSION = YES;
				CLANG_WARN_DIRECT_OBJC_ISA_USAGE = YES_ERROR;
				CLANG_WARN_DOCUMENTATION_COMMENTS = YES;
				CLANG_WARN_EMPTY_BODY = YES;
				CLANG_WARN_ENUM_CONVERSION = YES;
				CLANG_WARN_INFINITE_RECURSION = YES;
				CLANG_WARN_INT_CONVERSION = YES;
				CLANG_WARN_OBJC_ROOT_CLASS = YES_ERROR;
				CLANG_WARN_SUSPICIOUS_MOVE = YES;
				CLANG_WARN_UNREACHABLE_CODE = YES;
				CLANG_WARN__DUPLICATE_METHOD_MATCH = YES;
				"CODE_SIGN_IDENTITY[sdk=iphoneos*]" = "iPhone Developer";
				COPY_PHASE_STRIP = NO;
				DEBUG_INFORMATION_FORMAT = "dwarf-with-dsym";
				ENABLE_NS_ASSERTIONS = NO;
				ENABLE_STRICT_OBJC_MSGSEND = YES;
				GCC_C_LANGUAGE_STANDARD = gnu99;
				GCC_NO_COMMON_BLOCKS = YES;
				GCC_WARN_64_TO_32_BIT_CONVERSION = YES;
				GCC_WARN_ABOUT_RETURN_TYPE = YES_ERROR;
				GCC_WARN_UNDECLARED_SELECTOR = YES;
				GCC_WARN_UNINITIALIZED_AUTOS = YES_AGGRESSIVE;
				GCC_WARN_UNUSED_FUNCTION = YES;
				GCC_WARN_UNUSED_VARIABLE = YES;
				IPHONEOS_DEPLOYMENT_TARGET = 10.3;
				MTL_ENABLE_DEBUG_INFO = NO;
				SDKROOT = iphoneos;
				SWIFT_OPTIMIZATION_LEVEL = "-Owholemodule";
				TARGETED_DEVICE_FAMILY = "1,2";
				VALIDATE_PRODUCT = YES;
			};
			name = Release;
		};
		673F96B51F63117F00AA7826 /* Debug */ = {
			isa = XCBuildConfiguration;
			buildSettings = {
				ASSETCATALOG_COMPILER_APPICON_NAME = AppIcon;
				INFOPLIST_FILE = tipster/Info.plist;
				LD_RUNPATH_SEARCH_PATHS = "$(inherited) @executable_path/Frameworks";
				PRODUCT_BUNDLE_IDENTIFIER = codingDojo.tipster;
				PRODUCT_NAME = "$(TARGET_NAME)";
				SWIFT_VERSION = 3.0;
			};
			name = Debug;
		};
		673F96B61F63117F00AA7826 /* Release */ = {
			isa = XCBuildConfiguration;
			buildSettings = {
				ASSETCATALOG_COMPILER_APPICON_NAME = AppIcon;
				INFOPLIST_FILE = tipster/Info.plist;
				LD_RUNPATH_SEARCH_PATHS = "$(inherited) @executable_path/Frameworks";
				PRODUCT_BUNDLE_IDENTIFIER = codingDojo.tipster;
				PRODUCT_NAME = "$(TARGET_NAME)";
				SWIFT_VERSION = 3.0;
			};
			name = Release;
		};
		673F96B81F63117F00AA7826 /* Debug */ = {
			isa = XCBuildConfiguration;
			buildSettings = {
				ALWAYS_EMBED_SWIFT_STANDARD_LIBRARIES = YES;
				BUNDLE_LOADER = "$(TEST_HOST)";
				INFOPLIST_FILE = tipsterTests/Info.plist;
				LD_RUNPATH_SEARCH_PATHS = "$(inherited) @executable_path/Frameworks @loader_path/Frameworks";
				PRODUCT_BUNDLE_IDENTIFIER = codingDojo.tipsterTests;
				PRODUCT_NAME = "$(TARGET_NAME)";
				SWIFT_VERSION = 3.0;
				TEST_HOST = "$(BUILT_PRODUCTS_DIR)/tipster.app/tipster";
			};
			name = Debug;
		};
		673F96B91F63117F00AA7826 /* Release */ = {
			isa = XCBuildConfiguration;
			buildSettings = {
				ALWAYS_EMBED_SWIFT_STANDARD_LIBRARIES = YES;
				BUNDLE_LOADER = "$(TEST_HOST)";
				INFOPLIST_FILE = tipsterTests/Info.plist;
				LD_RUNPATH_SEARCH_PATHS = "$(inherited) @executable_path/Frameworks @loader_path/Frameworks";
				PRODUCT_BUNDLE_IDENTIFIER = codingDojo.tipsterTests;
				PRODUCT_NAME = "$(TARGET_NAME)";
				SWIFT_VERSION = 3.0;
				TEST_HOST = "$(BUILT_PRODUCTS_DIR)/tipster.app/tipster";
			};
			name = Release;
		};
		673F96BB1F63117F00AA7826 /* Debug */ = {
			isa = XCBuildConfiguration;
			buildSettings = {
				ALWAYS_EMBED_SWIFT_STANDARD_LIBRARIES = YES;
				INFOPLIST_FILE = tipsterUITests/Info.plist;
				LD_RUNPATH_SEARCH_PATHS = "$(inherited) @executable_path/Frameworks @loader_path/Frameworks";
				PRODUCT_BUNDLE_IDENTIFIER = codingDojo.tipsterUITests;
				PRODUCT_NAME = "$(TARGET_NAME)";
				SWIFT_VERSION = 3.0;
				TEST_TARGET_NAME = tipster;
			};
			name = Debug;
		};
		673F96BC1F63117F00AA7826 /* Release */ = {
			isa = XCBuildConfiguration;
			buildSettings = {
				ALWAYS_EMBED_SWIFT_STANDARD_LIBRARIES = YES;
				INFOPLIST_FILE = tipsterUITests/Info.plist;
				LD_RUNPATH_SEARCH_PATHS = "$(inherited) @executable_path/Frameworks @loader_path/Frameworks";
				PRODUCT_BUNDLE_IDENTIFIER = codingDojo.tipsterUITests;
				PRODUCT_NAME = "$(TARGET_NAME)";
				SWIFT_VERSION = 3.0;
				TEST_TARGET_NAME = tipster;
			};
			name = Release;
		};
/* End XCBuildConfiguration section */

/* Begin XCConfigurationList section */
		673F96871F63117F00AA7826 /* Build configuration list for PBXProject "tipster" */ = {
			isa = XCConfigurationList;
			buildConfigurations = (
				673F96B21F63117F00AA7826 /* Debug */,
				673F96B31F63117F00AA7826 /* Release */,
			);
			defaultConfigurationIsVisible = 0;
			defaultConfigurationName = Release;
		};
		673F96B41F63117F00AA7826 /* Build configuration list for PBXNativeTarget "tipster" */ = {
			isa = XCConfigurationList;
			buildConfigurations = (
				673F96B51F63117F00AA7826 /* Debug */,
				673F96B61F63117F00AA7826 /* Release */,
			);
			defaultConfigurationIsVisible = 0;
		};
		673F96B71F63117F00AA7826 /* Build configuration list for PBXNativeTarget "tipsterTests" */ = {
			isa = XCConfigurationList;
			buildConfigurations = (
				673F96B81F63117F00AA7826 /* Debug */,
				673F96B91F63117F00AA7826 /* Release */,
			);
			defaultConfigurationIsVisible = 0;
		};
		673F96BA1F63117F00AA7826 /* Build configuration list for PBXNativeTarget "tipsterUITests" */ = {
			isa = XCConfigurationList;
			buildConfigurations = (
				673F96BB1F63117F00AA7826 /* Debug */,
				673F96BC1F63117F00AA7826 /* Release */,
			);
			defaultConfigurationIsVisible = 0;
		};
/* End XCConfigurationList section */
	};
	rootObject = 673F96841F63117F00AA7826 /* Project object */;
}
